
Microsoft Visual Studio Solution File, Format Version 12.00
# Visual Studio Version 16
VisualStudioVersion = 16.0.29001.49
MinimumVisualStudioVersion = 10.0.40219.1
Project("{FAE04EC0-301F-11D3-BF4B-00C04F79EFBC}") = "Calculadoraa", "Calculadoraa\Calculadoraa.csproj", "{2F5436D3-BBD1-4E82-9754-2FDA45140CE3}"
EndProject
Global
	GlobalSection(SolutionConfigurationPlatforms) = preSolution
		Debug|Any CPU = Debug|Any CPU
		Release|Any CPU = Release|Any CPU
	EndGlobalSection
	GlobalSection(ProjectConfigurationPlatforms) = postSolution
		{2F5436D3-BBD1-4E82-9754-2FDA45140CE3}.Debug|Any CPU.ActiveCfg = Debug|Any CPU
		{2F5436D3-BBD1-4E82-9754-2FDA45140CE3}.Debug|Any CPU.Build.0 = Debug|Any CPU
		{2F5436D3-BBD1-4E82-9754-2FDA45140CE3}.Release|Any CPU.ActiveCfg = Release|Any CPU
		{2F5436D3-BBD1-4E82-9754-2FDA45140CE3}.Release|Any CPU.Build.0 = Release|Any CPU
	EndGlobalSection
	GlobalSection(SolutionProperties) = preSolution
		HideSolutionNode = FALSE
	EndGlobalSection
	GlobalSection(ExtensibilityGlobals) = postSolution
		SolutionGuid = {AD14F4A5-1557-4856-B5EE-348FEB82166D}
	EndGlobalSection
EndGlobal
